Microsoft Visual Studio Solution File, Format Version 11.00
# Visual Studio 2010
Project("{FAE04EC0-301F-11D3-BF4B-00C04F79EFBC}") = "MapShapeTitleTemplate", "MapShapeTitleTemplate\MapShapeTitleTemplate.csproj", "{46F9F27C-FF69-4369-B7F8-B9984CD7FB09}"
EndProject
Project("{FAE04EC0-301F-11D3-BF4B-00C04F79EFBC}") = "MapShapeTitleTemplate.Web", "MapShapeTitleTemplate.Web\MapShapeTitleTemplate.Web.csproj", "{882EBF7E-0EA2-40F7-97C8-70EB2A1813B9}"
EndProject
Global
	GlobalSection(SolutionConfigurationPlatforms) = preSolution
		Debug|Any CPU = Debug|Any CPU
		Release|Any CPU = Release|Any CPU
	EndGlobalSection
	GlobalSection(ProjectConfigurationPlatforms) = postSolution
		{46F9F27C-FF69-4369-B7F8-B9984CD7FB09}.Debug|Any CPU.ActiveCfg = Debug|Any CPU
		{46F9F27C-FF69-4369-B7F8-B9984CD7FB09}.Debug|Any CPU.Build.0 = Debug|Any CPU
		{46F9F27C-FF69-4369-B7F8-B9984CD7FB09}.Release|Any CPU.ActiveCfg = Release|Any CPU
		{46F9F27C-FF69-4369-B7F8-B9984CD7FB09}.Release|Any CPU.Build.0 = Release|Any CPU
		{882EBF7E-0EA2-40F7-97C8-70EB2A1813B9}.Debug|Any CPU.ActiveCfg = Debug|Any CPU
		{882EBF7E-0EA2-40F7-97C8-70EB2A1813B9}.Debug|Any CPU.Build.0 = Debug|Any CPU
		{882EBF7E-0EA2-40F7-97C8-70EB2A1813B9}.Release|Any CPU.ActiveCfg = Release|Any CPU
		{882EBF7E-0EA2-40F7-97C8-70EB2A1813B9}.Release|Any CPU.Build.0 = Release|Any CPU
	EndGlobalSection
	GlobalSection(SolutionProperties) = preSolution
		HideSolutionNode = FALSE
	EndGlobalSection
EndGlobal
